
Microsoft Visual Studio Solution File, Format Version 12.00
# Visual Studio Version 17
VisualStudioVersion = 17.4.33205.214
MinimumVisualStudioVersion = 10.0.40219.1
Project("{9A19103F-16F7-4668-BE54-9A1E7A4F7556}") = "BusinessObjects", "BusinessObjects\BusinessObjects.csproj", "{051E550A-DE10-4FA0-B389-8E905384E745}"
EndProject
Project("{9A19103F-16F7-4668-BE54-9A1E7A4F7556}") = "DataAccess", "DataAccess\DataAccess.csproj", "{043234DF-2D17-49F7-98FD-7A9ECFE8ADEF}"
EndProject
Project("{9A19103F-16F7-4668-BE54-9A1E7A4F7556}") = "Repositories", "Repositories\Repositories.csproj", "{7A7714D4-CF2E-45E0-ABD0-B392E95ED1B5}"
EndProject
Project("{9A19103F-16F7-4668-BE54-9A1E7A4F7556}") = "WebAPI", "WebAPI\WebAPI.csproj", "{783D6ED0-2B54-41CD-AE86-11434736F5FB}"
EndProject
Project("{9A19103F-16F7-4668-BE54-9A1E7A4F7556}") = "WebClient", "WebClient\WebClient.csproj", "{AD595CCD-7705-4178-A739-0FDF42BAF1BC}"
EndProject
Global
	GlobalSection(SolutionConfigurationPlatforms) = preSolution
		Debug|Any CPU = Debug|Any CPU
		Release|Any CPU = Release|Any CPU
	EndGlobalSection
	GlobalSection(ProjectConfigurationPlatforms) = postSolution
		{051E550A-DE10-4FA0-B389-8E905384E745}.Debug|Any CPU.ActiveCfg = Debug|Any CPU
		{051E550A-DE10-4FA0-B389-8E905384E745}.Debug|Any CPU.Build.0 = Debug|Any CPU
		{051E550A-DE10-4FA0-B389-8E905384E745}.Release|Any CPU.ActiveCfg = Release|Any CPU
		{051E550A-DE10-4FA0-B389-8E905384E745}.Release|Any CPU.Build.0 = Release|Any CPU
		{043234DF-2D17-49F7-98FD-7A9ECFE8ADEF}.Debug|Any CPU.ActiveCfg = Debug|Any CPU
		{043234DF-2D17-49F7-98FD-7A9ECFE8ADEF}.Debug|Any CPU.Build.0 = Debug|Any CPU
		{043234DF-2D17-49F7-98FD-7A9ECFE8ADEF}.Release|Any CPU.ActiveCfg = Release|Any CPU
		{043234DF-2D17-49F7-98FD-7A9ECFE8ADEF}.Release|Any CPU.Build.0 = Release|Any CPU
		{7A7714D4-CF2E-45E0-ABD0-B392E95ED1B5}.Debug|Any CPU.ActiveCfg = Debug|Any CPU
		{7A7714D4-CF2E-45E0-ABD0-B392E95ED1B5}.Debug|Any CPU.Build.0 = Debug|Any CPU
		{7A7714D4-CF2E-45E0-ABD0-B392E95ED1B5}.Release|Any CPU.ActiveCfg = Release|Any CPU
		{7A7714D4-CF2E-45E0-ABD0-B392E95ED1B5}.Release|Any CPU.Build.0 = Release|Any CPU
		{783D6ED0-2B54-41CD-AE86-11434736F5FB}.Debug|Any CPU.ActiveCfg = Debug|Any CPU
		{783D6ED0-2B54-41CD-AE86-11434736F5FB}.Debug|Any CPU.Build.0 = Debug|Any CPU
		{783D6ED0-2B54-41CD-AE86-11434736F5FB}.Release|Any CPU.ActiveCfg = Release|Any CPU
		{783D6ED0-2B54-41CD-AE86-11434736F5FB}.Release|Any CPU.Build.0 = Release|Any CPU
		{AD595CCD-7705-4178-A739-0FDF42BAF1BC}.Debug|Any CPU.ActiveCfg = Debug|Any CPU
		{AD595CCD-7705-4178-A739-0FDF42BAF1BC}.Debug|Any CPU.Build.0 = Debug|Any CPU
		{AD595CCD-7705-4178-A739-0FDF42BAF1BC}.Release|Any CPU.ActiveCfg = Release|Any CPU
		{AD595CCD-7705-4178-A739-0FDF42BAF1BC}.Release|Any CPU.Build.0 = Release|Any CPU
	EndGlobalSection
	GlobalSection(SolutionProperties) = preSolution
		HideSolutionNode = FALSE
	EndGlobalSection
	GlobalSection(ExtensibilityGlobals) = postSolution
		SolutionGuid = {90A493D3-9C9C-404A-82AA-D01CE178C944}
	EndGlobalSection
EndGlobal
